
Microsoft Visual Studio Solution File, Format Version 12.00
# Visual Studio 15
VisualStudioVersion = 15.0.27004.2010
MinimumVisualStudioVersion = 10.0.40219.1
Project("{FAE04EC0-301F-11D3-BF4B-00C04F79EFBC}") = "DeckerMVC", "DeckerMVC\DeckerMVC.csproj", "{BEADE346-745D-4227-9537-2A815F59487E}"
EndProject
Global
	GlobalSection(SolutionConfigurationPlatforms) = preSolution
		Debug|Any CPU = Debug|Any CPU
		Release|Any CPU = Release|Any CPU
	EndGlobalSection
	GlobalSection(ProjectConfigurationPlatforms) = postSolution
		{BEADE346-745D-4227-9537-2A815F59487E}.Debug|Any CPU.ActiveCfg = Debug|Any CPU
		{BEADE346-745D-4227-9537-2A815F59487E}.Debug|Any CPU.Build.0 = Debug|Any CPU
		{BEADE346-745D-4227-9537-2A815F59487E}.Release|Any CPU.ActiveCfg = Release|Any CPU
		{BEADE346-745D-4227-9537-2A815F59487E}.Release|Any CPU.Build.0 = Release|Any CPU
	EndGlobalSection
	GlobalSection(SolutionProperties) = preSolution
		HideSolutionNode = FALSE
	EndGlobalSection
	GlobalSection(ExtensibilityGlobals) = postSolution
		SolutionGuid = {5684BFEC-7336-49BD-94EA-5EFE3237F3E2}
	EndGlobalSection
EndGlobal
